
Microsoft Visual Studio Solution File, Format Version 12.00
# Visual Studio Version 16
VisualStudioVersion = 16.0.29709.97
MinimumVisualStudioVersion = 10.0.40219.1
Project("{FAE04EC0-301F-11D3-BF4B-00C04F79EFBC}") = "Dice Poker", "Dice Poker.csproj", "{599E893D-1F95-4A2E-860C-365818B90DA3}"
EndProject
Global
	GlobalSection(SolutionConfigurationPlatforms) = preSolution
		Debug|Any CPU = Debug|Any CPU
		Release|Any CPU = Release|Any CPU
	EndGlobalSection
	GlobalSection(ProjectConfigurationPlatforms) = postSolution
		{599E893D-1F95-4A2E-860C-365818B90DA3}.Debug|Any CPU.ActiveCfg = Debug|Any CPU
		{599E893D-1F95-4A2E-860C-365818B90DA3}.Debug|Any CPU.Build.0 = Debug|Any CPU
		{599E893D-1F95-4A2E-860C-365818B90DA3}.Release|Any CPU.ActiveCfg = Release|Any CPU
		{599E893D-1F95-4A2E-860C-365818B90DA3}.Release|Any CPU.Build.0 = Release|Any CPU
	EndGlobalSection
	GlobalSection(SolutionProperties) = preSolution
		HideSolutionNode = FALSE
	EndGlobalSection
	GlobalSection(ExtensibilityGlobals) = postSolution
		SolutionGuid = {6FD80E6C-7EF5-4A0F-A692-ED6ED6412E9A}
	EndGlobalSection
EndGlobal
